// !$*UTF8*$!
{
	archiveVersion = 1;
	classes = {
	};
	objectVersion = 50;
	objects = {

/* Begin PBXBuildFile section */
		5ED9EB3A07801DFA454F10E9 /* Pods_ToolManTogether.framework in Frameworks */ = {isa = PBXBuildFile; fileRef = ED94B28DC844466FD20D65F0 /* Pods_ToolManTogether.framework */; };
		8E5BB6E22151E8830016C44A /* AppDelegate.swift in Sources */ = {isa = PBXBuildFile; fileRef = 8E5BB6E12151E8830016C44A /* AppDelegate.swift */; };
		8E5BB6E42151E8830016C44A /* ViewController.swift in Sources */ = {isa = PBXBuildFile; fileRef = 8E5BB6E32151E8830016C44A /* ViewController.swift */; };
		8E5BB6E72151E8830016C44A /* Main.storyboard in Resources */ = {isa = PBXBuildFile; fileRef = 8E5BB6E52151E8830016C44A /* Main.storyboard */; };
		8E5BB6E92151E88B0016C44A /* Assets.xcassets in Resources */ = {isa = PBXBuildFile; fileRef = 8E5BB6E82151E88B0016C44A /* Assets.xcassets */; };
		8E5BB6EC2151E88B0016C44A /* LaunchScreen.storyboard in Resources */ = {isa = PBXBuildFile; fileRef = 8E5BB6EA2151E88B0016C44A /* LaunchScreen.storyboard */; };
		8E5BB6F52151EB3C0016C44A /* Login.storyboard in Resources */ = {isa = PBXBuildFile; fileRef = 8E5BB6F42151EB3C0016C44A /* Login.storyboard */; };
		8E5BB6F82151ECB50016C44A /* LoginViewController.swift in Sources */ = {isa = PBXBuildFile; fileRef = 8E5BB6F72151ECB50016C44A /* LoginViewController.swift */; };
/* End PBXBuildFile section */

/* Begin PBXFileReference section */
		8E5BB6DE2151E8830016C44A /* ToolManTogether.app */ = {isa = PBXFileReference; explicitFileType = wrapper.application; includeInIndex = 0; path = ToolManTogether.app; sourceTree = BUILT_PRODUCTS_DIR; };
		8E5BB6E12151E8830016C44A /* AppDelegate.swift */ = {isa = PBXFileReference; lastKnownFileType = sourcecode.swift; path = AppDelegate.swift; sourceTree = "<group>"; };
		8E5BB6E32151E8830016C44A /* ViewController.swift */ = {isa = PBXFileReference; lastKnownFileType = sourcecode.swift; path = ViewController.swift; sourceTree = "<group>"; };
		8E5BB6E62151E8830016C44A /* Base */ = {isa = PBXFileReference; lastKnownFileType = file.storyboard; name = Base; path = Base.lproj/Main.storyboard; sourceTree = "<group>"; };
		8E5BB6E82151E88B0016C44A /* Assets.xcassets */ = {isa = PBXFileReference; lastKnownFileType = folder.assetcatalog; path = Assets.xcassets; sourceTree = "<group>"; };
		8E5BB6EB2151E88B0016C44A /* Base */ = {isa = PBXFileReference; lastKnownFileType = file.storyboard; name = Base; path = Base.lproj/LaunchScreen.storyboard; sourceTree = "<group>"; };
		8E5BB6ED2151E88B0016C44A /* Info.plist */ = {isa = PBXFileReference; lastKnownFileType = text.plist.xml; path = Info.plist; sourceTree = "<group>"; };
		8E5BB6F42151EB3C0016C44A /* Login.storyboard */ = {isa = PBXFileReference; lastKnownFileType = file.storyboard; path = Login.storyboard; sourceTree = "<group>"; };
		8E5BB6F72151ECB50016C44A /* LoginViewController.swift */ = {isa = PBXFileReference; lastKnownFileType = sourcecode.swift; path = LoginViewController.swift; sourceTree = "<group>"; };
		AA9850B54DD82A117E99917C /* Pods-ToolManTogether.release.xcconfig */ = {isa = PBXFileReference; includeInIndex = 1; lastKnownFileType = text.xcconfig; name = "Pods-ToolManTogether.release.xcconfig"; path = "Pods/Target Support Files/Pods-ToolManTogether/Pods-ToolManTogether.release.xcconfig"; sourceTree = "<group>"; };
		E97E8B2878069B46EFA64257 /* Pods-ToolManTogether.debug.xcconfig */ = {isa = PBXFileReference; includeInIndex = 1; lastKnownFileType = text.xcconfig; name = "Pods-ToolManTogether.debug.xcconfig"; path = "Pods/Target Support Files/Pods-ToolManTogether/Pods-ToolManTogether.debug.xcconfig"; sourceTree = "<group>"; };
		ED94B28DC844466FD20D65F0 /* Pods_ToolManTogether.framework */ = {isa = PBXFileReference; explicitFileType = wrapper.framework; includeInIndex = 0; path = Pods_ToolManTogether.framework; sourceTree = BUILT_PRODUCTS_DIR; };
/* End PBXFileReference section */

/* Begin PBXFrameworksBuildPhase section */
		8E5BB6DB2151E8830016C44A /* Frameworks */ = {
			isa = PBXFrameworksBuildPhase;
			buildActionMask = 2147483647;
			files = (
				5ED9EB3A07801DFA454F10E9 /* Pods_ToolManTogether.framework in Frameworks */,
			);
			runOnlyForDeploymentPostprocessing = 0;
		};
/* End PBXFrameworksBuildPhase section */

/* Begin PBXGroup section */
		8E5BB6D52151E8830016C44A = {
			isa = PBXGroup;
			children = (
				8E5BB6E02151E8830016C44A /* ToolManTogether */,
				8E5BB6DF2151E8830016C44A /* Products */,
				C750D43D3BBE8D4EBB4053FC /* Pods */,
				FC38BF4CA72A94C24CD92CFD /* Frameworks */,
			);
			sourceTree = "<group>";
		};
		8E5BB6DF2151E8830016C44A /* Products */ = {
			isa = PBXGroup;
			children = (
				8E5BB6DE2151E8830016C44A /* ToolManTogether.app */,
			);
			name = Products;
			sourceTree = "<group>";
		};
		8E5BB6E02151E8830016C44A /* ToolManTogether */ = {
			isa = PBXGroup;
			children = (
				8E5BB6F62151EC820016C44A /* Controller */,
				8E5BB6F32151EADE0016C44A /* Storyboard */,
				8E5BB6E12151E8830016C44A /* AppDelegate.swift */,
				8E5BB6E32151E8830016C44A /* ViewController.swift */,
				8E5BB6E82151E88B0016C44A /* Assets.xcassets */,
				8E5BB6EA2151E88B0016C44A /* LaunchScreen.storyboard */,
				8E5BB6ED2151E88B0016C44A /* Info.plist */,
			);
			path = ToolManTogether;
			sourceTree = "<group>";
		};
		8E5BB6F32151EADE0016C44A /* Storyboard */ = {
			isa = PBXGroup;
			children = (
				8E5BB6E52151E8830016C44A /* Main.storyboard */,
				8E5BB6F42151EB3C0016C44A /* Login.storyboard */,
			);
			path = Storyboard;
			sourceTree = "<group>";
		};
		8E5BB6F62151EC820016C44A /* Controller */ = {
			isa = PBXGroup;
			children = (
				8E5BB6F72151ECB50016C44A /* LoginViewController.swift */,
			);
			path = Controller;
			sourceTree = "<group>";
		};
		C750D43D3BBE8D4EBB4053FC /* Pods */ = {
			isa = PBXGroup;
			children = (
				E97E8B2878069B46EFA64257 /* Pods-ToolManTogether.debug.xcconfig */,
				AA9850B54DD82A117E99917C /* Pods-ToolManTogether.release.xcconfig */,
			);
			name = Pods;
			sourceTree = "<group>";
		};
		FC38BF4CA72A94C24CD92CFD /* Frameworks */ = {
			isa = PBXGroup;
			children = (
				ED94B28DC844466FD20D65F0 /* Pods_ToolManTogether.framework */,
			);
			name = Frameworks;
			sourceTree = "<group>";
		};
/* End PBXGroup section */

/* Begin PBXNativeTarget section */
		8E5BB6DD2151E8830016C44A /* ToolManTogether */ = {
			isa = PBXNativeTarget;
			buildConfigurationList = 8E5BB6F02151E88B0016C44A /* Build configuration list for PBXNativeTarget "ToolManTogether" */;
			buildPhases = (
				D9D2D1590691D9F3F8BD862B /* [CP] Check Pods Manifest.lock */,
				8E5BB6DA2151E8830016C44A /* Sources */,
				8E5BB6DB2151E8830016C44A /* Frameworks */,
				8E5BB6DC2151E8830016C44A /* Resources */,
			);
			buildRules = (
			);
			dependencies = (
			);
			name = ToolManTogether;
			productName = ToolManTogether;
			productReference = 8E5BB6DE2151E8830016C44A /* ToolManTogether.app */;
			productType = "com.apple.product-type.application";
		};
/* End PBXNativeTarget section */

/* Begin PBXProject section */
		8E5BB6D62151E8830016C44A /* Project object */ = {
			isa = PBXProject;
			attributes = {
				LastSwiftUpdateCheck = 1000;
				LastUpgradeCheck = 1000;
				ORGANIZATIONNAME = Spoke;
				TargetAttributes = {
					8E5BB6DD2151E8830016C44A = {
						CreatedOnToolsVersion = 10.0;
					};
				};
			};
			buildConfigurationList = 8E5BB6D92151E8830016C44A /* Build configuration list for PBXProject "ToolManTogether" */;
			compatibilityVersion = "Xcode 9.3";
			developmentRegion = en;
			hasScannedForEncodings = 0;
			knownRegions = (
				en,
				Base,
			);
			mainGroup = 8E5BB6D52151E8830016C44A;
			productRefGroup = 8E5BB6DF2151E8830016C44A /* Products */;
			projectDirPath = "";
			projectRoot = "";
			targets = (
				8E5BB6DD2151E8830016C44A /* ToolManTogether */,
			);
		};
/* End PBXProject section */

/* Begin PBXResourcesBuildPhase section */
		8E5BB6DC2151E8830016C44A /* Resources */ = {
			isa = PBXResourcesBuildPhase;
			buildActionMask = 2147483647;
			files = (
				8E5BB6F52151EB3C0016C44A /* Login.storyboard in Resources */,
				8E5BB6EC2151E88B0016C44A /* LaunchScreen.storyboard in Resources */,
				8E5BB6E92151E88B0016C44A /* Assets.xcassets in Resources */,
				8E5BB6E72151E8830016C44A /* Main.storyboard in Resources */,
			);
			runOnlyForDeploymentPostprocessing = 0;
		};
/* End PBXResourcesBuildPhase section */

/* Begin PBXShellScriptBuildPhase section */
		D9D2D1590691D9F3F8BD862B /* [CP] Check Pods Manifest.lock */ = {
			isa = PBXShellScriptBuildPhase;
			buildActionMask = 2147483647;
			files = (
			);
			inputPaths = (
				"${PODS_PODFILE_DIR_PATH}/Podfile.lock",
				"${PODS_ROOT}/Manifest.lock",
			);
			name = "[CP] Check Pods Manifest.lock";
			outputPaths = (
				"$(DERIVED_FILE_DIR)/Pods-ToolManTogether-checkManifestLockResult.txt",
			);
			runOnlyForDeploymentPostprocessing = 0;
			shellPath = /bin/sh;
			shellScript = "diff \"${PODS_PODFILE_DIR_PATH}/Podfile.lock\" \"${PODS_ROOT}/Manifest.lock\" > /dev/null\nif [ $? != 0 ] ; then\n    # print error to STDERR\n    echo \"error: The sandbox is not in sync with the Podfile.lock. Run 'pod install' or update your CocoaPods installation.\" >&2\n    exit 1\nfi\n# This output is used by Xcode 'outputs' to avoid re-running this script phase.\necho \"SUCCESS\" > \"${SCRIPT_OUTPUT_FILE_0}\"\n";
			showEnvVarsInLog = 0;
		};
/* End PBXShellScriptBuildPhase section */

/* Begin PBXSourcesBuildPhase section */
		8E5BB6DA2151E8830016C44A /* Sources */ = {
			isa = PBXSourcesBuildPhase;
			buildActionMask = 2147483647;
			files = (
				8E5BB6F82151ECB50016C44A /* LoginViewController.swift in Sources */,
				8E5BB6E42151E8830016C44A /* ViewController.swift in Sources */,
				8E5BB6E22151E8830016C44A /* AppDelegate.swift in Sources */,
			);
			runOnlyForDeploymentPostprocessing = 0;
		};
/* End PBXSourcesBuildPhase section */

/* Begin PBXVariantGroup section */
		8E5BB6E52151E8830016C44A /* Main.storyboard */ = {
			isa = PBXVariantGroup;
			children = (
				8E5BB6E62151E8830016C44A /* Base */,
			);
			name = Main.storyboard;
			sourceTree = "<group>";
		};
		8E5BB6EA2151E88B0016C44A /* LaunchScreen.storyboard */ = {
			isa = PBXVariantGroup;
			children = (
				8E5BB6EB2151E88B0016C44A /* Base */,
			);
			name = LaunchScreen.storyboard;
			sourceTree = "<group>";
		};
/* End PBXVariantGroup section */

/* Begin XCBuildConfiguration section */
		8E5BB6EE2151E88B0016C44A /* Debug */ = {
			isa = XCBuildConfiguration;
			buildSettings = {
				ALWAYS_SEARCH_USER_PATHS = NO;
				CLANG_ANALYZER_NONNULL = YES;
				CLANG_ANALYZER_NUMBER_OBJECT_CONVERSION = YES_AGGRESSIVE;
				CLANG_CXX_LANGUAGE_STANDARD = "gnu++14";
				CLANG_CXX_LIBRARY = "libc++";
				CLANG_ENABLE_MODULES = YES;
				CLANG_ENABLE_OBJC_ARC = YES;
				CLANG_ENABLE_OBJC_WEAK = YES;
				CLANG_WARN_BLOCK_CAPTURE_AUTORELEASING = YES;
				CLANG_WARN_BOOL_CONVERSION = YES;
				CLANG_WARN_COMMA = YES;
				CLANG_WARN_CONSTANT_CONVERSION = YES;
				CLANG_WARN_DEPRECATED_OBJC_IMPLEMENTATIONS = YES;
				CLANG_WARN_DIRECT_OBJC_ISA_USAGE = YES_ERROR;
				CLANG_WARN_DOCUMENTATION_COMMENTS = YES;
				CLANG_WARN_EMPTY_BODY = YES;
				CLANG_WARN_ENUM_CONVERSION = YES;
				CLANG_WARN_INFINITE_RECURSION = YES;
				CLANG_WARN_INT_CONVERSION = YES;
				CLANG_WARN_NON_LITERAL_NULL_CONVERSION = YES;
				CLANG_WARN_OBJC_IMPLICIT_RETAIN_SELF = YES;
				CLANG_WARN_OBJC_LITERAL_CONVERSION = YES;
				CLANG_WARN_OBJC_ROOT_CLASS = YES_ERROR;
				CLANG_WARN_RANGE_LOOP_ANALYSIS = YES;
				CLANG_WARN_STRICT_PROTOTYPES = YES;
				CLANG_WARN_SUSPICIOUS_MOVE = YES;
				CLANG_WARN_UNGUARDED_AVAILABILITY = YES_AGGRESSIVE;
				CLANG_WARN_UNREACHABLE_CODE = YES;
				CLANG_WARN__DUPLICATE_METHOD_MATCH = YES;
				CODE_SIGN_IDENTITY = "iPhone Developer";
				COPY_PHASE_STRIP = NO;
				DEBUG_INFORMATION_FORMAT = dwarf;
				ENABLE_STRICT_OBJC_MSGSEND = YES;
				ENABLE_TESTABILITY = YES;
				GCC_C_LANGUAGE_STANDARD = gnu11;
				GCC_DYNAMIC_NO_PIC = NO;
				GCC_NO_COMMON_BLOCKS = YES;
				GCC_OPTIMIZATION_LEVEL = 0;
				GCC_PREPROCESSOR_DEFINITIONS = (
					"DEBUG=1",
					"$(inherited)",
				);
				GCC_WARN_64_TO_32_BIT_CONVERSION = YES;
				GCC_WARN_ABOUT_RETURN_TYPE = YES_ERROR;
				GCC_WARN_UNDECLARED_SELECTOR = YES;
				GCC_WARN_UNINITIALIZED_AUTOS = YES_AGGRESSIVE;
				GCC_WARN_UNUSED_FUNCTION = YES;
				GCC_WARN_UNUSED_VARIABLE = YES;
				IPHONEOS_DEPLOYMENT_TARGET = 12.0;
				MTL_ENABLE_DEBUG_INFO = INCLUDE_SOURCE;
				MTL_FAST_MATH = YES;
				ONLY_ACTIVE_ARCH = YES;
				SDKROOT = iphoneos;
				SWIFT_ACTIVE_COMPILATION_CONDITIONS = DEBUG;
				SWIFT_OPTIMIZATION_LEVEL = "-Onone";
			};
			name = Debug;
		};
		8E5BB6EF2151E88B0016C44A /* Release */ = {
			isa = XCBuildConfiguration;
			buildSettings = {
				ALWAYS_SEARCH_USER_PATHS = NO;
				CLANG_ANALYZER_NONNULL = YES;
				CLANG_ANALYZER_NUMBER_OBJECT_CONVERSION = YES_AGGRESSIVE;
				CLANG_CXX_LANGUAGE_STANDARD = "gnu++14";
				CLANG_CXX_LIBRARY = "libc++";
				CLANG_ENABLE_MODULES = YES;
				CLANG_ENABLE_OBJC_ARC = YES;
				CLANG_ENABLE_OBJC_WEAK = YES;
				CLANG_WARN_BLOCK_CAPTURE_AUTORELEASING = YES;
				CLANG_WARN_BOOL_CONVERSION = YES;
				CLANG_WARN_COMMA = YES;
				CLANG_WARN_CONSTANT_CONVERSION = YES;
				CLANG_WARN_DEPRECATED_OBJC_IMPLEMENTATIONS = YES;
				CLANG_WARN_DIRECT_OBJC_ISA_USAGE = YES_ERROR;
				CLANG_WARN_DOCUMENTATION_COMMENTS = YES;
				CLANG_WARN_EMPTY_BODY = YES;
				CLANG_WARN_ENUM_CONVERSION = YES;
				CLANG_WARN_INFINITE_RECURSION = YES;
				CLANG_WARN_INT_CONVERSION = YES;
				CLANG_WARN_NON_LITERAL_NULL_CONVERSION = YES;
				CLANG_WARN_OBJC_IMPLICIT_RETAIN_SELF = YES;
				CLANG_WARN_OBJC_LITERAL_CONVERSION = YES;
				CLANG_WARN_OBJC_ROOT_CLASS = YES_ERROR;
				CLANG_WARN_RANGE_LOOP_ANALYSIS = YES;
				CLANG_WARN_STRICT_PROTOTYPES = YES;
				CLANG_WARN_SUSPICIOUS_MOVE = YES;
				CLANG_WARN_UNGUARDED_AVAILABILITY = YES_AGGRESSIVE;
				CLANG_WARN_UNREACHABLE_CODE = YES;
				CLANG_WARN__DUPLICATE_METHOD_MATCH = YES;
				CODE_SIGN_IDENTITY = "iPhone Developer";
				COPY_PHASE_STRIP = NO;
				DEBUG_INFORMATION_FORMAT = "dwarf-with-dsym";
				ENABLE_NS_ASSERTIONS = NO;
				ENABLE_STRICT_OBJC_MSGSEND = YES;
				GCC_C_LANGUAGE_STANDARD = gnu11;
				GCC_NO_COMMON_BLOCKS = YES;
				GCC_WARN_64_TO_32_BIT_CONVERSION = YES;
				GCC_WARN_ABOUT_RETURN_TYPE = YES_ERROR;
				GCC_WARN_UNDECLARED_SELECTOR = YES;
				GCC_WARN_UNINITIALIZED_AUTOS = YES_AGGRESSIVE;
				GCC_WARN_UNUSED_FUNCTION = YES;
				GCC_WARN_UNUSED_VARIABLE = YES;
				IPHONEOS_DEPLOYMENT_TARGET = 12.0;
				MTL_ENABLE_DEBUG_INFO = NO;
				MTL_FAST_MATH = YES;
				SDKROOT = iphoneos;
				SWIFT_COMPILATION_MODE = wholemodule;
				SWIFT_OPTIMIZATION_LEVEL = "-O";
				VALIDATE_PRODUCT = YES;
			};
			name = Release;
		};
		8E5BB6F12151E88B0016C44A /* Debug */ = {
			isa = XCBuildConfiguration;
			baseConfigurationReference = E97E8B2878069B46EFA64257 /* Pods-ToolManTogether.debug.xcconfig */;
			buildSettings = {
				ASSETCATALOG_COMPILER_APPICON_NAME = AppIcon;
				CODE_SIGN_STYLE = Automatic;
				DEVELOPMENT_TEAM = 26WBMBDFCZ;
				INFOPLIST_FILE = ToolManTogether/Info.plist;
				LD_RUNPATH_SEARCH_PATHS = (
					"$(inherited)",
					"@executable_path/Frameworks",
				);
				PRODUCT_BUNDLE_IDENTIFIER = com.appsgaga.ToolManTogether;
				PRODUCT_NAME = "$(TARGET_NAME)";
				SWIFT_VERSION = 4.2;
				TARGETED_DEVICE_FAMILY = "1,2";
			};
			name = Debug;
		};
		8E5BB6F22151E88B0016C44A /* Release */ = {
			isa = XCBuildConfiguration;
			baseConfigurationReference = AA9850B54DD82A117E99917C /* Pods-ToolManTogether.release.xcconfig */;
			buildSettings = {
				ASSETCATALOG_COMPILER_APPICON_NAME = AppIcon;
				CODE_SIGN_STYLE = Automatic;
				DEVELOPMENT_TEAM = 26WBMBDFCZ;
				INFOPLIST_FILE = ToolManTogether/Info.plist;
				LD_RUNPATH_SEARCH_PATHS = (
					"$(inherited)",
					"@executable_path/Frameworks",
				);
				PRODUCT_BUNDLE_IDENTIFIER = com.appsgaga.ToolManTogether;
				PRODUCT_NAME = "$(TARGET_NAME)";
				SWIFT_VERSION = 4.2;
				TARGETED_DEVICE_FAMILY = "1,2";
			};
			name = Release;
		};
/* End XCBuildConfiguration section */

/* Begin XCConfigurationList section */
		8E5BB6D92151E8830016C44A /* Build configuration list for PBXProject "ToolManTogether" */ = {
			isa = XCConfigurationList;
			buildConfigurations = (
				8E5BB6EE2151E88B0016C44A /* Debug */,
				8E5BB6EF2151E88B0016C44A /* Release */,
			);
			defaultConfigurationIsVisible = 0;
			defaultConfigurationName = Release;
		};
		8E5BB6F02151E88B0016C44A /* Build configuration list for PBXNativeTarget "ToolManTogether" */ = {
			isa = XCConfigurationList;
			buildConfigurations = (
				8E5BB6F12151E88B0016C44A /* Debug */,
				8E5BB6F22151E88B0016C44A /* Release */,
			);
			defaultConfigurationIsVisible = 0;
			defaultConfigurationName = Release;
		};
/* End XCConfigurationList section */
	};
	rootObject = 8E5BB6D62151E8830016C44A /* Project object */;
}
